// !$*UTF8*$!
{
	archiveVersion = 1;
	classes = {
	};
	objectVersion = 55;
	objects = {

/* Begin PBXBuildFile section */
		4620329E2E9F0E650056EF0E /* RecipeProfileView.swift in Sources */ = {isa = PBXBuildFile; fileRef = 4620329D2E9F0E650056EF0E /* RecipeProfileView.swift */; };
		462032A32EA022FB0056EF0E /* CurrentUserProfileView.swift in Sources */ = {isa = PBXBuildFile; fileRef = 462032A22EA022FB0056EF0E /* CurrentUserProfileView.swift */; };
		462032A52EA023ED0056EF0E /* CurrentUserProfileHeaderView.swift in Sources */ = {isa = PBXBuildFile; fileRef = 462032A42EA023ED0056EF0E /* CurrentUserProfileHeaderView.swift */; };
		462032A92EA024740056EF0E /* User.swift in Sources */ = {isa = PBXBuildFile; fileRef = 462032A82EA024740056EF0E /* User.swift */; };
		465DA94B2E9ABEE2001442EE /* BiteMeApp.swift in Sources */ = {isa = PBXBuildFile; fileRef = 465DA94A2E9ABEE2001442EE /* BiteMeApp.swift */; };
		465DA94D2E9ABEE2001442EE /* ContentView.swift in Sources */ = {isa = PBXBuildFile; fileRef = 465DA94C2E9ABEE2001442EE /* ContentView.swift */; };
		465DA94F2E9ABEE5001442EE /* Assets.xcassets in Resources */ = {isa = PBXBuildFile; fileRef = 465DA94E2E9ABEE5001442EE /* Assets.xcassets */; };
		465DA9522E9ABEE5001442EE /* Preview Assets.xcassets in Resources */ = {isa = PBXBuildFile; fileRef = 465DA9512E9ABEE5001442EE /* Preview Assets.xcassets */; };
		465DA95C2E9ABEE5001442EE /* BiteMeTests.swift in Sources */ = {isa = PBXBuildFile; fileRef = 465DA95B2E9ABEE5001442EE /* BiteMeTests.swift */; };
		465DA9662E9ABEE5001442EE /* BiteMeUITests.swift in Sources */ = {isa = PBXBuildFile; fileRef = 465DA9652E9ABEE5001442EE /* BiteMeUITests.swift */; };
		465DA9682E9ABEE5001442EE /* BiteMeUITestsLaunchTests.swift in Sources */ = {isa = PBXBuildFile; fileRef = 465DA9672E9ABEE5001442EE /* BiteMeUITestsLaunchTests.swift */; };
		465DA9802E9AC120001442EE /* MainTabView.swift in Sources */ = {isa = PBXBuildFile; fileRef = 465DA97F2E9AC120001442EE /* MainTabView.swift */; };
		465DA9832E9ACCB4001442EE /* CardView.swift in Sources */ = {isa = PBXBuildFile; fileRef = 465DA9822E9ACCB4001442EE /* CardView.swift */; };
		465DA9852E9ACF2C001442EE /* RecipeInfoView.swift in Sources */ = {isa = PBXBuildFile; fileRef = 465DA9842E9ACF2C001442EE /* RecipeInfoView.swift */; };
		465DA9872E9AD927001442EE /* SwipeActionIndicatorView.swift in Sources */ = {isa = PBXBuildFile; fileRef = 465DA9862E9AD927001442EE /* SwipeActionIndicatorView.swift */; };
		465DA98A2E9ADBB8001442EE /* SizeConstants.swift in Sources */ = {isa = PBXBuildFile; fileRef = 465DA9892E9ADBB8001442EE /* SizeConstants.swift */; };
		465DA98C2E9ADE3B001442EE /* ImageScrollingOverlay.swift in Sources */ = {isa = PBXBuildFile; fileRef = 465DA98B2E9ADE3B001442EE /* ImageScrollingOverlay.swift */; };
		465DA98E2E9AE471001442EE /* CardImageIndicatorView.swift in Sources */ = {isa = PBXBuildFile; fileRef = 465DA98D2E9AE471001442EE /* CardImageIndicatorView.swift */; };
		465DA9902E9AE904001442EE /* CardStackView.swift in Sources */ = {isa = PBXBuildFile; fileRef = 465DA98F2E9AE904001442EE /* CardStackView.swift */; };
		465DA9942E9AEABF001442EE /* Recipe.swift in Sources */ = {isa = PBXBuildFile; fileRef = 465DA9932E9AEABF001442EE /* Recipe.swift */; };
		465DA9972E9AEB63001442EE /* CardModel.swift in Sources */ = {isa = PBXBuildFile; fileRef = 465DA9962E9AEB63001442EE /* CardModel.swift */; };
		465DA99A2E9AEBD2001442EE /* CardsViewModel.swift in Sources */ = {isa = PBXBuildFile; fileRef = 465DA9992E9AEBD2001442EE /* CardsViewModel.swift */; };
		465DA99D2E9AEC4D001442EE /* CardService.swift in Sources */ = {isa = PBXBuildFile; fileRef = 465DA99C2E9AEC4D001442EE /* CardService.swift */; };
		465DA9A02E9AED5C001442EE /* MockData.swift in Sources */ = {isa = PBXBuildFile; fileRef = 465DA99F2E9AED5C001442EE /* MockData.swift */; };
		465DA9A22E9AFD4A001442EE /* SwipeActionButtonsView.swift in Sources */ = {isa = PBXBuildFile; fileRef = 465DA9A12E9AFD4A001442EE /* SwipeActionButtonsView.swift */; };
		465DA9A42E9B001C001442EE /* SwipeAction.swift in Sources */ = {isa = PBXBuildFile; fileRef = 465DA9A32E9B001C001442EE /* SwipeAction.swift */; };
/* End PBXBuildFile section */

/* Begin PBXContainerItemProxy section */
		465DA9582E9ABEE5001442EE /* PBXContainerItemProxy */ = {
			isa = PBXContainerItemProxy;
			containerPortal = 465DA93F2E9ABEE2001442EE /* Project object */;
			proxyType = 1;
			remoteGlobalIDString = 465DA9462E9ABEE2001442EE;
			remoteInfo = BiteMe;
		};
		465DA9622E9ABEE5001442EE /* PBXContainerItemProxy */ = {
			isa = PBXContainerItemProxy;
			containerPortal = 465DA93F2E9ABEE2001442EE /* Project object */;
			proxyType = 1;
			remoteGlobalIDString = 465DA9462E9ABEE2001442EE;
			remoteInfo = BiteMe;
		};
/* End PBXContainerItemProxy section */

/* Begin PBXFileReference section */
		4620329D2E9F0E650056EF0E /* RecipeProfileView.swift */ = {isa = PBXFileReference; lastKnownFileType = sourcecode.swift; path = RecipeProfileView.swift; sourceTree = "<group>"; };
		462032A22EA022FB0056EF0E /* CurrentUserProfileView.swift */ = {isa = PBXFileReference; lastKnownFileType = sourcecode.swift; path = CurrentUserProfileView.swift; sourceTree = "<group>"; };
		462032A42EA023ED0056EF0E /* CurrentUserProfileHeaderView.swift */ = {isa = PBXFileReference; lastKnownFileType = sourcecode.swift; path = CurrentUserProfileHeaderView.swift; sourceTree = "<group>"; };
		462032A82EA024740056EF0E /* User.swift */ = {isa = PBXFileReference; lastKnownFileType = sourcecode.swift; path = User.swift; sourceTree = "<group>"; };
		465DA9472E9ABEE2001442EE /* BiteMe.app */ = {isa = PBXFileReference; explicitFileType = wrapper.application; includeInIndex = 0; path = BiteMe.app; sourceTree = BUILT_PRODUCTS_DIR; };
		465DA94A2E9ABEE2001442EE /* BiteMeApp.swift */ = {isa = PBXFileReference; lastKnownFileType = sourcecode.swift; path = BiteMeApp.swift; sourceTree = "<group>"; };
		465DA94C2E9ABEE2001442EE /* ContentView.swift */ = {isa = PBXFileReference; lastKnownFileType = sourcecode.swift; path = ContentView.swift; sourceTree = "<group>"; };
		465DA94E2E9ABEE5001442EE /* Assets.xcassets */ = {isa = PBXFileReference; lastKnownFileType = folder.assetcatalog; path = Assets.xcassets; sourceTree = "<group>"; };
		465DA9512E9ABEE5001442EE /* Preview Assets.xcassets */ = {isa = PBXFileReference; lastKnownFileType = folder.assetcatalog; path = "Preview Assets.xcassets"; sourceTree = "<group>"; };
		465DA9572E9ABEE5001442EE /* BiteMeTests.xctest */ = {isa = PBXFileReference; explicitFileType = wrapper.cfbundle; includeInIndex = 0; path = BiteMeTests.xctest; sourceTree = BUILT_PRODUCTS_DIR; };
		465DA95B2E9ABEE5001442EE /* BiteMeTests.swift */ = {isa = PBXFileReference; lastKnownFileType = sourcecode.swift; path = BiteMeTests.swift; sourceTree = "<group>"; };
		465DA9612E9ABEE5001442EE /* BiteMeUITests.xctest */ = {isa = PBXFileReference; explicitFileType = wrapper.cfbundle; includeInIndex = 0; path = BiteMeUITests.xctest; sourceTree = BUILT_PRODUCTS_DIR; };
		465DA9652E9ABEE5001442EE /* BiteMeUITests.swift */ = {isa = PBXFileReference; lastKnownFileType = sourcecode.swift; path = BiteMeUITests.swift; sourceTree = "<group>"; };
		465DA9672E9ABEE5001442EE /* BiteMeUITestsLaunchTests.swift */ = {isa = PBXFileReference; lastKnownFileType = sourcecode.swift; path = BiteMeUITestsLaunchTests.swift; sourceTree = "<group>"; };
		465DA97F2E9AC120001442EE /* MainTabView.swift */ = {isa = PBXFileReference; lastKnownFileType = sourcecode.swift; path = MainTabView.swift; sourceTree = "<group>"; };
		465DA9822E9ACCB4001442EE /* CardView.swift */ = {isa = PBXFileReference; lastKnownFileType = sourcecode.swift; path = CardView.swift; sourceTree = "<group>"; };
		465DA9842E9ACF2C001442EE /* RecipeInfoView.swift */ = {isa = PBXFileReference; lastKnownFileType = sourcecode.swift; path = RecipeInfoView.swift; sourceTree = "<group>"; };
		465DA9862E9AD927001442EE /* SwipeActionIndicatorView.swift */ = {isa = PBXFileReference; lastKnownFileType = sourcecode.swift; path = SwipeActionIndicatorView.swift; sourceTree = "<group>"; };
		465DA9892E9ADBB8001442EE /* SizeConstants.swift */ = {isa = PBXFileReference; lastKnownFileType = sourcecode.swift; path = SizeConstants.swift; sourceTree = "<group>"; };
		465DA98B2E9ADE3B001442EE /* ImageScrollingOverlay.swift */ = {isa = PBXFileReference; lastKnownFileType = sourcecode.swift; path = ImageScrollingOverlay.swift; sourceTree = "<group>"; };
		465DA98D2E9AE471001442EE /* CardImageIndicatorView.swift */ = {isa = PBXFileReference; lastKnownFileType = sourcecode.swift; path = CardImageIndicatorView.swift; sourceTree = "<group>"; };
		465DA98F2E9AE904001442EE /* CardStackView.swift */ = {isa = PBXFileReference; lastKnownFileType = sourcecode.swift; path = CardStackView.swift; sourceTree = "<group>"; };
		465DA9932E9AEABF001442EE /* Recipe.swift */ = {isa = PBXFileReference; lastKnownFileType = sourcecode.swift; path = Recipe.swift; sourceTree = "<group>"; };
		465DA9962E9AEB63001442EE /* CardModel.swift */ = {isa = PBXFileReference; lastKnownFileType = sourcecode.swift; path = CardModel.swift; sourceTree = "<group>"; };
		465DA9992E9AEBD2001442EE /* CardsViewModel.swift */ = {isa = PBXFileReference; lastKnownFileType = sourcecode.swift; path = CardsViewModel.swift; sourceTree = "<group>"; };
		465DA99C2E9AEC4D001442EE /* CardService.swift */ = {isa = PBXFileReference; lastKnownFileType = sourcecode.swift; path = CardService.swift; sourceTree = "<group>"; };
		465DA99F2E9AED5C001442EE /* MockData.swift */ = {isa = PBXFileReference; lastKnownFileType = sourcecode.swift; path = MockData.swift; sourceTree = "<group>"; };
		465DA9A12E9AFD4A001442EE /* SwipeActionButtonsView.swift */ = {isa = PBXFileReference; lastKnownFileType = sourcecode.swift; path = SwipeActionButtonsView.swift; sourceTree = "<group>"; };
		465DA9A32E9B001C001442EE /* SwipeAction.swift */ = {isa = PBXFileReference; lastKnownFileType = sourcecode.swift; path = SwipeAction.swift; sourceTree = "<group>"; };
/* End PBXFileReference section */

/* Begin PBXFrameworksBuildPhase section */
		465DA9442E9ABEE2001442EE /* Frameworks */ = {
			isa = PBXFrameworksBuildPhase;
			buildActionMask = 2147483647;
			files = (
			);
			runOnlyForDeploymentPostprocessing = 0;
		};
		465DA9542E9ABEE5001442EE /* Frameworks */ = {
			isa = PBXFrameworksBuildPhase;
			buildActionMask = 2147483647;
			files = (
			);
			runOnlyForDeploymentPostprocessing = 0;
		};
		465DA95E2E9ABEE5001442EE /* Frameworks */ = {
			isa = PBXFrameworksBuildPhase;
			buildActionMask = 2147483647;
			files = (
			);
			runOnlyForDeploymentPostprocessing = 0;
		};
/* End PBXFrameworksBuildPhase section */

/* Begin PBXGroup section */
		462032A12EA022D00056EF0E /* UserProfile */ = {
			isa = PBXGroup;
			children = (
				462032A22EA022FB0056EF0E /* CurrentUserProfileView.swift */,
				462032A42EA023ED0056EF0E /* CurrentUserProfileHeaderView.swift */,
			);
			path = UserProfile;
			sourceTree = "<group>";
		};
		462032A62EA0245F0056EF0E /* Users */ = {
			isa = PBXGroup;
			children = (
				462032A72EA024680056EF0E /* Model */,
			);
			path = Users;
			sourceTree = "<group>";
		};
		462032A72EA024680056EF0E /* Model */ = {
			isa = PBXGroup;
			children = (
				462032A82EA024740056EF0E /* User.swift */,
			);
			path = Model;
			sourceTree = "<group>";
		};
		465DA93E2E9ABEE2001442EE = {
			isa = PBXGroup;
			children = (
				465DA9492E9ABEE2001442EE /* BiteMe */,
				465DA95A2E9ABEE5001442EE /* BiteMeTests */,
				465DA9642E9ABEE5001442EE /* BiteMeUITests */,
				465DA9482E9ABEE2001442EE /* Products */,
			);
			sourceTree = "<group>";
		};
		465DA9482E9ABEE2001442EE /* Products */ = {
			isa = PBXGroup;
			children = (
				465DA9472E9ABEE2001442EE /* BiteMe.app */,
				465DA9572E9ABEE5001442EE /* BiteMeTests.xctest */,
				465DA9612E9ABEE5001442EE /* BiteMeUITests.xctest */,
			);
			name = Products;
			sourceTree = "<group>";
		};
		465DA9492E9ABEE2001442EE /* BiteMe */ = {
			isa = PBXGroup;
			children = (
				465DA9782E9ABFFE001442EE /* Utils */,
				465DA9772E9ABFFB001442EE /* Shared */,
				465DA9762E9ABFF9001442EE /* Extensions */,
				465DA9752E9ABFF7001442EE /* Core */,
				465DA9742E9ABFF3001442EE /* App */,
				465DA94C2E9ABEE2001442EE /* ContentView.swift */,
				465DA94E2E9ABEE5001442EE /* Assets.xcassets */,
				465DA9502E9ABEE5001442EE /* Preview Content */,
			);
			path = BiteMe;
			sourceTree = "<group>";
		};
		465DA9502E9ABEE5001442EE /* Preview Content */ = {
			isa = PBXGroup;
			children = (
				465DA9512E9ABEE5001442EE /* Preview Assets.xcassets */,
			);
			path = "Preview Content";
			sourceTree = "<group>";
		};
		465DA95A2E9ABEE5001442EE /* BiteMeTests */ = {
			isa = PBXGroup;
			children = (
				465DA95B2E9ABEE5001442EE /* BiteMeTests.swift */,
			);
			path = BiteMeTests;
			sourceTree = "<group>";
		};
		465DA9642E9ABEE5001442EE /* BiteMeUITests */ = {
			isa = PBXGroup;
			children = (
				465DA9652E9ABEE5001442EE /* BiteMeUITests.swift */,
				465DA9672E9ABEE5001442EE /* BiteMeUITestsLaunchTests.swift */,
			);
			path = BiteMeUITests;
			sourceTree = "<group>";
		};
		465DA9742E9ABFF3001442EE /* App */ = {
			isa = PBXGroup;
			children = (
				465DA94A2E9ABEE2001442EE /* BiteMeApp.swift */,
			);
			path = App;
			sourceTree = "<group>";
		};
		465DA9752E9ABFF7001442EE /* Core */ = {
			isa = PBXGroup;
			children = (
				462032A12EA022D00056EF0E /* UserProfile */,
				465DA97E2E9AC0E7001442EE /* Saved */,
				465DA97D2E9AC0DB001442EE /* Search */,
				465DA97B2E9AC0A6001442EE /* RecipeProfile */,
				465DA97A2E9AC09D001442EE /* Cards */,
				465DA9792E9AC08B001442EE /* TabBar */,
			);
			path = Core;
			sourceTree = "<group>";
		};
		465DA9762E9ABFF9001442EE /* Extensions */ = {
			isa = PBXGroup;
			children = (
			);
			path = Extensions;
			sourceTree = "<group>";
		};
		465DA9772E9ABFFB001442EE /* Shared */ = {
			isa = PBXGroup;
			children = (
				462032A62EA0245F0056EF0E /* Users */,
				465DA9912E9AEAA8001442EE /* Recipes */,
			);
			path = Shared;
			sourceTree = "<group>";
		};
		465DA9782E9ABFFE001442EE /* Utils */ = {
			isa = PBXGroup;
			children = (
				465DA99E2E9AED52001442EE /* MockData */,
				465DA9882E9ADBA7001442EE /* Constants */,
			);
			path = Utils;
			sourceTree = "<group>";
		};
		465DA9792E9AC08B001442EE /* TabBar */ = {
			isa = PBXGroup;
			children = (
				465DA97F2E9AC120001442EE /* MainTabView.swift */,
			);
			path = TabBar;
			sourceTree = "<group>";
		};
		465DA97A2E9AC09D001442EE /* Cards */ = {
			isa = PBXGroup;
			children = (
				465DA99B2E9AEC42001442EE /* Service */,
				465DA9982E9AEBC5001442EE /* ViewModel */,
				465DA9952E9AEB5A001442EE /* Model */,
				465DA9812E9ACCA2001442EE /* Views */,
			);
			path = Cards;
			sourceTree = "<group>";
		};
		465DA97B2E9AC0A6001442EE /* RecipeProfile */ = {
			isa = PBXGroup;
			children = (
				4620329D2E9F0E650056EF0E /* RecipeProfileView.swift */,
			);
			path = RecipeProfile;
			sourceTree = "<group>";
		};
		465DA97D2E9AC0DB001442EE /* Search */ = {
			isa = PBXGroup;
			children = (
			);
			path = Search;
			sourceTree = "<group>";
		};
		465DA97E2E9AC0E7001442EE /* Saved */ = {
			isa = PBXGroup;
			children = (
			);
			path = Saved;
			sourceTree = "<group>";
		};
		465DA9812E9ACCA2001442EE /* Views */ = {
			isa = PBXGroup;
			children = (
				465DA9822E9ACCB4001442EE /* CardView.swift */,
				465DA9842E9ACF2C001442EE /* RecipeInfoView.swift */,
				465DA9862E9AD927001442EE /* SwipeActionIndicatorView.swift */,
				465DA98B2E9ADE3B001442EE /* ImageScrollingOverlay.swift */,
				465DA98D2E9AE471001442EE /* CardImageIndicatorView.swift */,
				465DA98F2E9AE904001442EE /* CardStackView.swift */,
				465DA9A12E9AFD4A001442EE /* SwipeActionButtonsView.swift */,
			);
			path = Views;
			sourceTree = "<group>";
		};
		465DA9882E9ADBA7001442EE /* Constants */ = {
			isa = PBXGroup;
			children = (
				465DA9892E9ADBB8001442EE /* SizeConstants.swift */,
			);
			path = Constants;
			sourceTree = "<group>";
		};
		465DA9912E9AEAA8001442EE /* Recipes */ = {
			isa = PBXGroup;
			children = (
				465DA9922E9AEAAF001442EE /* Model */,
			);
			path = Recipes;
			sourceTree = "<group>";
		};
		465DA9922E9AEAAF001442EE /* Model */ = {
			isa = PBXGroup;
			children = (
				465DA9932E9AEABF001442EE /* Recipe.swift */,
			);
			path = Model;
			sourceTree = "<group>";
		};
		465DA9952E9AEB5A001442EE /* Model */ = {
			isa = PBXGroup;
			children = (
				465DA9962E9AEB63001442EE /* CardModel.swift */,
				465DA9A32E9B001C001442EE /* SwipeAction.swift */,
			);
			path = Model;
			sourceTree = "<group>";
		};
		465DA9982E9AEBC5001442EE /* ViewModel */ = {
			isa = PBXGroup;
			children = (
				465DA9992E9AEBD2001442EE /* CardsViewModel.swift */,
			);
			path = ViewModel;
			sourceTree = "<group>";
		};
		465DA99B2E9AEC42001442EE /* Service */ = {
			isa = PBXGroup;
			children = (
				465DA99C2E9AEC4D001442EE /* CardService.swift */,
			);
			path = Service;
			sourceTree = "<group>";
		};
		465DA99E2E9AED52001442EE /* MockData */ = {
			isa = PBXGroup;
			children = (
				465DA99F2E9AED5C001442EE /* MockData.swift */,
			);
			path = MockData;
			sourceTree = "<group>";
		};
/* End PBXGroup section */

/* Begin PBXNativeTarget section */
		465DA9462E9ABEE2001442EE /* BiteMe */ = {
			isa = PBXNativeTarget;
			buildConfigurationList = 465DA96B2E9ABEE5001442EE /* Build configuration list for PBXNativeTarget "BiteMe" */;
			buildPhases = (
				465DA9432E9ABEE2001442EE /* Sources */,
				465DA9442E9ABEE2001442EE /* Frameworks */,
				465DA9452E9ABEE2001442EE /* Resources */,
			);
			buildRules = (
			);
			dependencies = (
			);
			name = BiteMe;
			productName = BiteMe;
			productReference = 465DA9472E9ABEE2001442EE /* BiteMe.app */;
			productType = "com.apple.product-type.application";
		};
		465DA9562E9ABEE5001442EE /* BiteMeTests */ = {
			isa = PBXNativeTarget;
			buildConfigurationList = 465DA96E2E9ABEE5001442EE /* Build configuration list for PBXNativeTarget "BiteMeTests" */;
			buildPhases = (
				465DA9532E9ABEE5001442EE /* Sources */,
				465DA9542E9ABEE5001442EE /* Frameworks */,
				465DA9552E9ABEE5001442EE /* Resources */,
			);
			buildRules = (
			);
			dependencies = (
				465DA9592E9ABEE5001442EE /* PBXTargetDependency */,
			);
			name = BiteMeTests;
			productName = BiteMeTests;
			productReference = 465DA9572E9ABEE5001442EE /* BiteMeTests.xctest */;
			productType = "com.apple.product-type.bundle.unit-test";
		};
		465DA9602E9ABEE5001442EE /* BiteMeUITests */ = {
			isa = PBXNativeTarget;
			buildConfigurationList = 465DA9712E9ABEE5001442EE /* Build configuration list for PBXNativeTarget "BiteMeUITests" */;
			buildPhases = (
				465DA95D2E9ABEE5001442EE /* Sources */,
				465DA95E2E9ABEE5001442EE /* Frameworks */,
				465DA95F2E9ABEE5001442EE /* Resources */,
			);
			buildRules = (
			);
			dependencies = (
				465DA9632E9ABEE5001442EE /* PBXTargetDependency */,
			);
			name = BiteMeUITests;
			productName = BiteMeUITests;
			productReference = 465DA9612E9ABEE5001442EE /* BiteMeUITests.xctest */;
			productType = "com.apple.product-type.bundle.ui-testing";
		};
/* End PBXNativeTarget section */

/* Begin PBXProject section */
		465DA93F2E9ABEE2001442EE /* Project object */ = {
			isa = PBXProject;
			attributes = {
				BuildIndependentTargetsInParallel = 1;
				LastSwiftUpdateCheck = 1320;
				LastUpgradeCheck = 1320;
				TargetAttributes = {
					465DA9462E9ABEE2001442EE = {
						CreatedOnToolsVersion = 13.2.1;
					};
					465DA9562E9ABEE5001442EE = {
						CreatedOnToolsVersion = 13.2.1;
						TestTargetID = 465DA9462E9ABEE2001442EE;
					};
					465DA9602E9ABEE5001442EE = {
						CreatedOnToolsVersion = 13.2.1;
						TestTargetID = 465DA9462E9ABEE2001442EE;
					};
				};
			};
			buildConfigurationList = 465DA9422E9ABEE2001442EE /* Build configuration list for PBXProject "BiteMe" */;
			compatibilityVersion = "Xcode 13.0";
			developmentRegion = en;
			hasScannedForEncodings = 0;
			knownRegions = (
				en,
				Base,
			);
			mainGroup = 465DA93E2E9ABEE2001442EE;
			productRefGroup = 465DA9482E9ABEE2001442EE /* Products */;
			projectDirPath = "";
			projectRoot = "";
			targets = (
				465DA9462E9ABEE2001442EE /* BiteMe */,
				465DA9562E9ABEE5001442EE /* BiteMeTests */,
				465DA9602E9ABEE5001442EE /* BiteMeUITests */,
			);
		};
/* End PBXProject section */

/* Begin PBXResourcesBuildPhase section */
		465DA9452E9ABEE2001442EE /* Resources */ = {
			isa = PBXResourcesBuildPhase;
			buildActionMask = 2147483647;
			files = (
				465DA9522E9ABEE5001442EE /* Preview Assets.xcassets in Resources */,
				465DA94F2E9ABEE5001442EE /* Assets.xcassets in Resources */,
			);
			runOnlyForDeploymentPostprocessing = 0;
		};
		465DA9552E9ABEE5001442EE /* Resources */ = {
			isa = PBXResourcesBuildPhase;
			buildActionMask = 2147483647;
			files = (
			);
			runOnlyForDeploymentPostprocessing = 0;
		};
		465DA95F2E9ABEE5001442EE /* Resources */ = {
			isa = PBXResourcesBuildPhase;
			buildActionMask = 2147483647;
			files = (
			);
			runOnlyForDeploymentPostprocessing = 0;
		};
/* End PBXResourcesBuildPhase section */

/* Begin PBXSourcesBuildPhase section */
		465DA9432E9ABEE2001442EE /* Sources */ = {
			isa = PBXSourcesBuildPhase;
			buildActionMask = 2147483647;
			files = (
				465DA98C2E9ADE3B001442EE /* ImageScrollingOverlay.swift in Sources */,
				462032A32EA022FB0056EF0E /* CurrentUserProfileView.swift in Sources */,
				465DA99D2E9AEC4D001442EE /* CardService.swift in Sources */,
				465DA9852E9ACF2C001442EE /* RecipeInfoView.swift in Sources */,
				462032A52EA023ED0056EF0E /* CurrentUserProfileHeaderView.swift in Sources */,
				465DA9872E9AD927001442EE /* SwipeActionIndicatorView.swift in Sources */,
				465DA9A02E9AED5C001442EE /* MockData.swift in Sources */,
				465DA9A42E9B001C001442EE /* SwipeAction.swift in Sources */,
				465DA9802E9AC120001442EE /* MainTabView.swift in Sources */,
				465DA98E2E9AE471001442EE /* CardImageIndicatorView.swift in Sources */,
				465DA9A22E9AFD4A001442EE /* SwipeActionButtonsView.swift in Sources */,
				465DA9972E9AEB63001442EE /* CardModel.swift in Sources */,
				465DA9902E9AE904001442EE /* CardStackView.swift in Sources */,
				465DA94D2E9ABEE2001442EE /* ContentView.swift in Sources */,
				4620329E2E9F0E650056EF0E /* RecipeProfileView.swift in Sources */,
				465DA98A2E9ADBB8001442EE /* SizeConstants.swift in Sources */,
				465DA9832E9ACCB4001442EE /* CardView.swift in Sources */,
				465DA99A2E9AEBD2001442EE /* CardsViewModel.swift in Sources */,
				465DA94B2E9ABEE2001442EE /* BiteMeApp.swift in Sources */,
				465DA9942E9AEABF001442EE /* Recipe.swift in Sources */,
				462032A92EA024740056EF0E /* User.swift in Sources */,
			);
			runOnlyForDeploymentPostprocessing = 0;
		};
		465DA9532E9ABEE5001442EE /* Sources */ = {
			isa = PBXSourcesBuildPhase;
			buildActionMask = 2147483647;
			files = (
				465DA95C2E9ABEE5001442EE /* BiteMeTests.swift in Sources */,
			);
			runOnlyForDeploymentPostprocessing = 0;
		};
		465DA95D2E9ABEE5001442EE /* Sources */ = {
			isa = PBXSourcesBuildPhase;
			buildActionMask = 2147483647;
			files = (
				465DA9682E9ABEE5001442EE /* BiteMeUITestsLaunchTests.swift in Sources */,
				465DA9662E9ABEE5001442EE /* BiteMeUITests.swift in Sources */,
			);
			runOnlyForDeploymentPostprocessing = 0;
		};
/* End PBXSourcesBuildPhase section */

/* Begin PBXTargetDependency section */
		465DA9592E9ABEE5001442EE /* PBXTargetDependency */ = {
			isa = PBXTargetDependency;
			target = 465DA9462E9ABEE2001442EE /* BiteMe */;
			targetProxy = 465DA9582E9ABEE5001442EE /* PBXContainerItemProxy */;
		};
		465DA9632E9ABEE5001442EE /* PBXTargetDependency */ = {
			isa = PBXTargetDependency;
			target = 465DA9462E9ABEE2001442EE /* BiteMe */;
			targetProxy = 465DA9622E9ABEE5001442EE /* PBXContainerItemProxy */;
		};
/* End PBXTargetDependency section */

/* Begin XCBuildConfiguration section */
		465DA9692E9ABEE5001442EE /* Debug */ = {
			isa = XCBuildConfiguration;
			buildSettings = {
				ALWAYS_SEARCH_USER_PATHS = NO;
				CLANG_ANALYZER_NONNULL = YES;
				CLANG_ANALYZER_NUMBER_OBJECT_CONVERSION = YES_AGGRESSIVE;
				CLANG_CXX_LANGUAGE_STANDARD = "gnu++17";
				CLANG_CXX_LIBRARY = "libc++";
				CLANG_ENABLE_MODULES = YES;
				CLANG_ENABLE_OBJC_ARC = YES;
				CLANG_ENABLE_OBJC_WEAK = YES;
				CLANG_WARN_BLOCK_CAPTURE_AUTORELEASING = YES;
				CLANG_WARN_BOOL_CONVERSION = YES;
				CLANG_WARN_COMMA = YES;
				CLANG_WARN_CONSTANT_CONVERSION = YES;
				CLANG_WARN_DEPRECATED_OBJC_IMPLEMENTATIONS = YES;
				CLANG_WARN_DIRECT_OBJC_ISA_USAGE = YES_ERROR;
				CLANG_WARN_DOCUMENTATION_COMMENTS = YES;
				CLANG_WARN_EMPTY_BODY = YES;
				CLANG_WARN_ENUM_CONVERSION = YES;
				CLANG_WARN_INFINITE_RECURSION = YES;
				CLANG_WARN_INT_CONVERSION = YES;
				CLANG_WARN_NON_LITERAL_NULL_CONVERSION = YES;
				CLANG_WARN_OBJC_IMPLICIT_RETAIN_SELF = YES;
				CLANG_WARN_OBJC_LITERAL_CONVERSION = YES;
				CLANG_WARN_OBJC_ROOT_CLASS = YES_ERROR;
				CLANG_WARN_QUOTED_INCLUDE_IN_FRAMEWORK_HEADER = YES;
				CLANG_WARN_RANGE_LOOP_ANALYSIS = YES;
				CLANG_WARN_STRICT_PROTOTYPES = YES;
				CLANG_WARN_SUSPICIOUS_MOVE = YES;
				CLANG_WARN_UNGUARDED_AVAILABILITY = YES_AGGRESSIVE;
				CLANG_WARN_UNREACHABLE_CODE = YES;
				CLANG_WARN__DUPLICATE_METHOD_MATCH = YES;
				COPY_PHASE_STRIP = NO;
				DEBUG_INFORMATION_FORMAT = dwarf;
				ENABLE_STRICT_OBJC_MSGSEND = YES;
				ENABLE_TESTABILITY = YES;
				GCC_C_LANGUAGE_STANDARD = gnu11;
				GCC_DYNAMIC_NO_PIC = NO;
				GCC_NO_COMMON_BLOCKS = YES;
				GCC_OPTIMIZATION_LEVEL = 0;
				GCC_PREPROCESSOR_DEFINITIONS = (
					"DEBUG=1",
					"$(inherited)",
				);
				GCC_WARN_64_TO_32_BIT_CONVERSION = YES;
				GCC_WARN_ABOUT_RETURN_TYPE = YES_ERROR;
				GCC_WARN_UNDECLARED_SELECTOR = YES;
				GCC_WARN_UNINITIALIZED_AUTOS = YES_AGGRESSIVE;
				GCC_WARN_UNUSED_FUNCTION = YES;
				GCC_WARN_UNUSED_VARIABLE = YES;
				IPHONEOS_DEPLOYMENT_TARGET = 15.2;
				MTL_ENABLE_DEBUG_INFO = INCLUDE_SOURCE;
				MTL_FAST_MATH = YES;
				ONLY_ACTIVE_ARCH = YES;
				SDKROOT = iphoneos;
				SWIFT_ACTIVE_COMPILATION_CONDITIONS = DEBUG;
				SWIFT_OPTIMIZATION_LEVEL = "-Onone";
			};
			name = Debug;
		};
		465DA96A2E9ABEE5001442EE /* Release */ = {
			isa = XCBuildConfiguration;
			buildSettings = {
				ALWAYS_SEARCH_USER_PATHS = NO;
				CLANG_ANALYZER_NONNULL = YES;
				CLANG_ANALYZER_NUMBER_OBJECT_CONVERSION = YES_AGGRESSIVE;
				CLANG_CXX_LANGUAGE_STANDARD = "gnu++17";
				CLANG_CXX_LIBRARY = "libc++";
				CLANG_ENABLE_MODULES = YES;
				CLANG_ENABLE_OBJC_ARC = YES;
				CLANG_ENABLE_OBJC_WEAK = YES;
				CLANG_WARN_BLOCK_CAPTURE_AUTORELEASING = YES;
				CLANG_WARN_BOOL_CONVERSION = YES;
				CLANG_WARN_COMMA = YES;
				CLANG_WARN_CONSTANT_CONVERSION = YES;
				CLANG_WARN_DEPRECATED_OBJC_IMPLEMENTATIONS = YES;
				CLANG_WARN_DIRECT_OBJC_ISA_USAGE = YES_ERROR;
				CLANG_WARN_DOCUMENTATION_COMMENTS = YES;
				CLANG_WARN_EMPTY_BODY = YES;
				CLANG_WARN_ENUM_CONVERSION = YES;
				CLANG_WARN_INFINITE_RECURSION = YES;
				CLANG_WARN_INT_CONVERSION = YES;
				CLANG_WARN_NON_LITERAL_NULL_CONVERSION = YES;
				CLANG_WARN_OBJC_IMPLICIT_RETAIN_SELF = YES;
				CLANG_WARN_OBJC_LITERAL_CONVERSION = YES;
				CLANG_WARN_OBJC_ROOT_CLASS = YES_ERROR;
				CLANG_WARN_QUOTED_INCLUDE_IN_FRAMEWORK_HEADER = YES;
				CLANG_WARN_RANGE_LOOP_ANALYSIS = YES;
				CLANG_WARN_STRICT_PROTOTYPES = YES;
				CLANG_WARN_SUSPICIOUS_MOVE = YES;
				CLANG_WARN_UNGUARDED_AVAILABILITY = YES_AGGRESSIVE;
				CLANG_WARN_UNREACHABLE_CODE = YES;
				CLANG_WARN__DUPLICATE_METHOD_MATCH = YES;
				COPY_PHASE_STRIP = NO;
				DEBUG_INFORMATION_FORMAT = "dwarf-with-dsym";
				ENABLE_NS_ASSERTIONS = NO;
				ENABLE_STRICT_OBJC_MSGSEND = YES;
				GCC_C_LANGUAGE_STANDARD = gnu11;
				GCC_NO_COMMON_BLOCKS = YES;
				GCC_WARN_64_TO_32_BIT_CONVERSION = YES;
				GCC_WARN_ABOUT_RETURN_TYPE = YES_ERROR;
				GCC_WARN_UNDECLARED_SELECTOR = YES;
				GCC_WARN_UNINITIALIZED_AUTOS = YES_AGGRESSIVE;
				GCC_WARN_UNUSED_FUNCTION = YES;
				GCC_WARN_UNUSED_VARIABLE = YES;
				IPHONEOS_DEPLOYMENT_TARGET = 15.2;
				MTL_ENABLE_DEBUG_INFO = NO;
				MTL_FAST_MATH = YES;
				SDKROOT = iphoneos;
				SWIFT_COMPILATION_MODE = wholemodule;
				SWIFT_OPTIMIZATION_LEVEL = "-O";
				VALIDATE_PRODUCT = YES;
			};
			name = Release;
		};
		465DA96C2E9ABEE5001442EE /* Debug */ = {
			isa = XCBuildConfiguration;
			buildSettings = {
				ASSETCATALOG_COMPILER_APPICON_NAME = AppIcon;
				ASSETCATALOG_COMPILER_GLOBAL_ACCENT_COLOR_NAME = AccentColor;
				CODE_SIGN_STYLE = Automatic;
				CURRENT_PROJECT_VERSION = 1;
				DEVELOPMENT_ASSET_PATHS = "\"BiteMe/Preview Content\"";
				ENABLE_PREVIEWS = YES;
				GENERATE_INFOPLIST_FILE = YES;
				INFOPLIST_KEY_UIApplicationSceneManifest_Generation = YES;
				INFOPLIST_KEY_UIApplicationSupportsIndirectInputEvents = YES;
				INFOPLIST_KEY_UILaunchScreen_Generation = YES;
				INFOPLIST_KEY_UISupportedInterfaceOrientations_iPad = "UIInterfaceOrientationPortrait UIInterfaceOrientationPortraitUpsideDown UIInterfaceOrientationLandscapeLeft UIInterfaceOrientationLandscapeRight";
				INFOPLIST_KEY_UISupportedInterfaceOrientations_iPhone = "UIInterfaceOrientationPortrait UIInterfaceOrientationLandscapeLeft UIInterfaceOrientationLandscapeRight";
				LD_RUNPATH_SEARCH_PATHS = (
					"$(inherited)",
					"@executable_path/Frameworks",
				);
				MARKETING_VERSION = 1.0;
				PRODUCT_BUNDLE_IDENTIFIER = com.AndyKing.BiteMe;
				PRODUCT_NAME = "$(TARGET_NAME)";
				SWIFT_EMIT_LOC_STRINGS = YES;
				SWIFT_VERSION = 5.0;
				TARGETED_DEVICE_FAMILY = "1,2";
			};
			name = Debug;
		};
		465DA96D2E9ABEE5001442EE /* Release */ = {
			isa = XCBuildConfiguration;
			buildSettings = {
				ASSETCATALOG_COMPILER_APPICON_NAME = AppIcon;
				ASSETCATALOG_COMPILER_GLOBAL_ACCENT_COLOR_NAME = AccentColor;
				CODE_SIGN_STYLE = Automatic;
				CURRENT_PROJECT_VERSION = 1;
				DEVELOPMENT_ASSET_PATHS = "\"BiteMe/Preview Content\"";
				ENABLE_PREVIEWS = YES;
				GENERATE_INFOPLIST_FILE = YES;
				INFOPLIST_KEY_UIApplicationSceneManifest_Generation = YES;
				INFOPLIST_KEY_UIApplicationSupportsIndirectInputEvents = YES;
				INFOPLIST_KEY_UILaunchScreen_Generation = YES;
				INFOPLIST_KEY_UISupportedInterfaceOrientations_iPad = "UIInterfaceOrientationPortrait UIInterfaceOrientationPortraitUpsideDown UIInterfaceOrientationLandscapeLeft UIInterfaceOrientationLandscapeRight";
				INFOPLIST_KEY_UISupportedInterfaceOrientations_iPhone = "UIInterfaceOrientationPortrait UIInterfaceOrientationLandscapeLeft UIInterfaceOrientationLandscapeRight";
				LD_RUNPATH_SEARCH_PATHS = (
					"$(inherited)",
					"@executable_path/Frameworks",
				);
				MARKETING_VERSION = 1.0;
				PRODUCT_BUNDLE_IDENTIFIER = com.AndyKing.BiteMe;
				PRODUCT_NAME = "$(TARGET_NAME)";
				SWIFT_EMIT_LOC_STRINGS = YES;
				SWIFT_VERSION = 5.0;
				TARGETED_DEVICE_FAMILY = "1,2";
			};
			name = Release;
		};
		465DA96F2E9ABEE5001442EE /* Debug */ = {
			isa = XCBuildConfiguration;
			buildSettings = {
				ALWAYS_EMBED_SWIFT_STANDARD_LIBRARIES = YES;
				BUNDLE_LOADER = "$(TEST_HOST)";
				CODE_SIGN_STYLE = Automatic;
				CURRENT_PROJECT_VERSION = 1;
				GENERATE_INFOPLIST_FILE = YES;
				IPHONEOS_DEPLOYMENT_TARGET = 15.2;
				MARKETING_VERSION = 1.0;
				PRODUCT_BUNDLE_IDENTIFIER = com.AndyKing.BiteMeTests;
				PRODUCT_NAME = "$(TARGET_NAME)";
				SWIFT_EMIT_LOC_STRINGS = NO;
				SWIFT_VERSION = 5.0;
				TARGETED_DEVICE_FAMILY = "1,2";
				TEST_HOST = "$(BUILT_PRODUCTS_DIR)/BiteMe.app/BiteMe";
			};
			name = Debug;
		};
		465DA9702E9ABEE5001442EE /* Release */ = {
			isa = XCBuildConfiguration;
			buildSettings = {
				ALWAYS_EMBED_SWIFT_STANDARD_LIBRARIES = YES;
				BUNDLE_LOADER = "$(TEST_HOST)";
				CODE_SIGN_STYLE = Automatic;
				CURRENT_PROJECT_VERSION = 1;
				GENERATE_INFOPLIST_FILE = YES;
				IPHONEOS_DEPLOYMENT_TARGET = 15.2;
				MARKETING_VERSION = 1.0;
				PRODUCT_BUNDLE_IDENTIFIER = com.AndyKing.BiteMeTests;
				PRODUCT_NAME = "$(TARGET_NAME)";
				SWIFT_EMIT_LOC_STRINGS = NO;
				SWIFT_VERSION = 5.0;
				TARGETED_DEVICE_FAMILY = "1,2";
				TEST_HOST = "$(BUILT_PRODUCTS_DIR)/BiteMe.app/BiteMe";
			};
			name = Release;
		};
		465DA9722E9ABEE5001442EE /* Debug */ = {
			isa = XCBuildConfiguration;
			buildSettings = {
				ALWAYS_EMBED_SWIFT_STANDARD_LIBRARIES = YES;
				CODE_SIGN_STYLE = Automatic;
				CURRENT_PROJECT_VERSION = 1;
				GENERATE_INFOPLIST_FILE = YES;
				MARKETING_VERSION = 1.0;
				PRODUCT_BUNDLE_IDENTIFIER = com.AndyKing.BiteMeUITests;
				PRODUCT_NAME = "$(TARGET_NAME)";
				SWIFT_EMIT_LOC_STRINGS = NO;
				SWIFT_VERSION = 5.0;
				TARGETED_DEVICE_FAMILY = "1,2";
				TEST_TARGET_NAME = BiteMe;
			};
			name = Debug;
		};
		465DA9732E9ABEE5001442EE /* Release */ = {
			isa = XCBuildConfiguration;
			buildSettings = {
				ALWAYS_EMBED_SWIFT_STANDARD_LIBRARIES = YES;
				CODE_SIGN_STYLE = Automatic;
				CURRENT_PROJECT_VERSION = 1;
				GENERATE_INFOPLIST_FILE = YES;
				MARKETING_VERSION = 1.0;
				PRODUCT_BUNDLE_IDENTIFIER = com.AndyKing.BiteMeUITests;
				PRODUCT_NAME = "$(TARGET_NAME)";
				SWIFT_EMIT_LOC_STRINGS = NO;
				SWIFT_VERSION = 5.0;
				TARGETED_DEVICE_FAMILY = "1,2";
				TEST_TARGET_NAME = BiteMe;
			};
			name = Release;
		};
/* End XCBuildConfiguration section */

/* Begin XCConfigurationList section */
		465DA9422E9ABEE2001442EE /* Build configuration list for PBXProject "BiteMe" */ = {
			isa = XCConfigurationList;
			buildConfigurations = (
				465DA9692E9ABEE5001442EE /* Debug */,
				465DA96A2E9ABEE5001442EE /* Release */,
			);
			defaultConfigurationIsVisible = 0;
			defaultConfigurationName = Release;
		};
		465DA96B2E9ABEE5001442EE /* Build configuration list for PBXNativeTarget "BiteMe" */ = {
			isa = XCConfigurationList;
			buildConfigurations = (
				465DA96C2E9ABEE5001442EE /* Debug */,
				465DA96D2E9ABEE5001442EE /* Release */,
			);
			defaultConfigurationIsVisible = 0;
			defaultConfigurationName = Release;
		};
		465DA96E2E9ABEE5001442EE /* Build configuration list for PBXNativeTarget "BiteMeTests" */ = {
			isa = XCConfigurationList;
			buildConfigurations = (
				465DA96F2E9ABEE5001442EE /* Debug */,
				465DA9702E9ABEE5001442EE /* Release */,
			);
			defaultConfigurationIsVisible = 0;
			defaultConfigurationName = Release;
		};
		465DA9712E9ABEE5001442EE /* Build configuration list for PBXNativeTarget "BiteMeUITests" */ = {
			isa = XCConfigurationList;
			buildConfigurations = (
				465DA9722E9ABEE5001442EE /* Debug */,
				465DA9732E9ABEE5001442EE /* Release */,
			);
			defaultConfigurationIsVisible = 0;
			defaultConfigurationName = Release;
		};
/* End XCConfigurationList section */
	};
	rootObject = 465DA93F2E9ABEE2001442EE /* Project object */;
}
